
Microsoft Visual Studio Solution File, Format Version 12.00
# Visual Studio Version 17
VisualStudioVersion = 17.14.36603.0 d17.14
MinimumVisualStudioVersion = 10.0.40219.1
Project("{FAE04EC0-301F-11D3-BF4B-00C04F79EFBC}") = "Day4_Dotnet", "Day4_Dotnet.csproj", "{2DD605A9-1264-0D34-7D88-88CC79D9E877}"
EndProject
Global
	GlobalSection(SolutionConfigurationPlatforms) = preSolution
		Debug|Any CPU = Debug|Any CPU
		Release|Any CPU = Release|Any CPU
	EndGlobalSection
	GlobalSection(ProjectConfigurationPlatforms) = postSolution
		{2DD605A9-1264-0D34-7D88-88CC79D9E877}.Debug|Any CPU.ActiveCfg = Debug|Any CPU
		{2DD605A9-1264-0D34-7D88-88CC79D9E877}.Debug|Any CPU.Build.0 = Debug|Any CPU
		{2DD605A9-1264-0D34-7D88-88CC79D9E877}.Release|Any CPU.ActiveCfg = Release|Any CPU
		{2DD605A9-1264-0D34-7D88-88CC79D9E877}.Release|Any CPU.Build.0 = Release|Any CPU
	EndGlobalSection
	GlobalSection(SolutionProperties) = preSolution
		HideSolutionNode = FALSE
	EndGlobalSection
	GlobalSection(ExtensibilityGlobals) = postSolution
		SolutionGuid = {282B169C-BE30-4C96-9BE5-758FB36A4F32}
	EndGlobalSection
EndGlobal
