Microsoft Visual Studio Solution File, Format Version 12.00
# Visual Studio Version 17
VisualStudioVersion = 17.5.2.0
MinimumVisualStudioVersion = 10.0.40219.1
Project("{FAE04EC0-301F-11D3-BF4B-00C04F79EFBC}") = "Day2_Dotnet", "Day2_Dotnet.csproj", "{4C43E841-38D2-0F66-49B4-4BEB8A5191AC}"
EndProject
Global
	GlobalSection(SolutionConfigurationPlatforms) = preSolution
		Debug|Any CPU = Debug|Any CPU
		Release|Any CPU = Release|Any CPU
	EndGlobalSection
	GlobalSection(ProjectConfigurationPlatforms) = postSolution
		{4C43E841-38D2-0F66-49B4-4BEB8A5191AC}.Debug|Any CPU.ActiveCfg = Debug|Any CPU
		{4C43E841-38D2-0F66-49B4-4BEB8A5191AC}.Debug|Any CPU.Build.0 = Debug|Any CPU
		{4C43E841-38D2-0F66-49B4-4BEB8A5191AC}.Release|Any CPU.ActiveCfg = Release|Any CPU
		{4C43E841-38D2-0F66-49B4-4BEB8A5191AC}.Release|Any CPU.Build.0 = Release|Any CPU
	EndGlobalSection
	GlobalSection(SolutionProperties) = preSolution
		HideSolutionNode = FALSE
	EndGlobalSection
	GlobalSection(ExtensibilityGlobals) = postSolution
		SolutionGuid = {026AC57F-1392-4791-A69B-6C368B664DA0}
	EndGlobalSection
EndGlobal
